
Microsoft Visual Studio Solution File, Format Version 12.00
# Visual Studio Version 16
VisualStudioVersion = 16.0.30907.101
MinimumVisualStudioVersion = 10.0.40219.1
Project("{FAE04EC0-301F-11D3-BF4B-00C04F79EFBC}") = "Laba28.03", "Laba28.03.csproj", "{B7E56574-F57F-49CF-9685-877D2A19FEDA}"
EndProject
Global
	GlobalSection(SolutionConfigurationPlatforms) = preSolution
		Debug|Any CPU = Debug|Any CPU
		Release|Any CPU = Release|Any CPU
	EndGlobalSection
	GlobalSection(ProjectConfigurationPlatforms) = postSolution
		{B7E56574-F57F-49CF-9685-877D2A19FEDA}.Debug|Any CPU.ActiveCfg = Debug|Any CPU
		{B7E56574-F57F-49CF-9685-877D2A19FEDA}.Debug|Any CPU.Build.0 = Debug|Any CPU
		{B7E56574-F57F-49CF-9685-877D2A19FEDA}.Release|Any CPU.ActiveCfg = Release|Any CPU
		{B7E56574-F57F-49CF-9685-877D2A19FEDA}.Release|Any CPU.Build.0 = Release|Any CPU
	EndGlobalSection
	GlobalSection(SolutionProperties) = preSolution
		HideSolutionNode = FALSE
	EndGlobalSection
	GlobalSection(ExtensibilityGlobals) = postSolution
		SolutionGuid = {A0FF1DC0-7898-48A3-883F-51FC148C1BC6}
	EndGlobalSection
EndGlobal
